directories:
    modules: .wippy
    src: ./src
modules:
    - name: butschster/mcp-server
      version: 1.4.1
      hash: 60010b98d2174c6250b9cbe714ef480ee17c54428324911c16ae3db35fcadcf2
    - name: wippy/bootloader
      version: 0.3.12
      hash: 2b6d8eba7b46ef900024d3a7dbf06bd560fad645b8b2ac6296e2a8bad42f60b9
    - name: wippy/migration
      version: 0.3.15
      hash: b675a9dd0bf83a48ecb696cc27ec7a9173e54c3431da89121d865751e26330d0
    - name: wippy/security
      version: 0.4.0
      hash: 8dcf047cbf88a56fbbfa843aab09a37e8e809400ec887e1ff09471aa699fe7af
    - name: wippy/terminal
      version: 0.4.2
      hash: 34b99aac2eba9c5016fd02c783117fb2b0381ce14696c7b199265458b99a3271
    - name: wippy/test
      version: 0.4.12
      hash: 23ccac1d11dbaf13d05ec0400e19189b435b892a4a18e95e69f49a22f1ceb99b
